{
  "lockfileVersion": 1,
  "configVersion": 1,
  "workspaces": {
    "": {
      "name": "nimbo-mx-contacto",
      "dependencies": {
        "nodemailer": "7.0.9",
      },
    },
  },
  "packages": {
    "nodemailer": ["nodemailer@7.0.9", "", {}, "sha512-9/Qm0qXIByEP8lEV2qOqcAW7bRpL8CR9jcTwk3NBnHJNmP9fIJ86g2fgmIXqHY+nj55ZEMwWqYAT2QTDpRUYiQ=="],
  }
}
